
Microsoft Visual Studio Solution File, Format Version 12.00
# Visual Studio Version 17
VisualStudioVersion = 17.0.31903.59
MinimumVisualStudioVersion = 10.0.40219.1
Project("{2150E333-8FDC-42A3-9474-1A3956D46DE8}") = "src", "src", "{827E0CD3-B72D-47B6-A68D-7590B98EB39B}"
EndProject
Project("{FAE04EC0-301F-11D3-BF4B-00C04F79EFBC}") = "Codewrinkles.API", "src\Codewrinkles.API\Codewrinkles.API.csproj", "{AC76EDBA-C447-48CA-8F94-69E31B92408E}"
EndProject
Project("{FAE04EC0-301F-11D3-BF4B-00C04F79EFBC}") = "Codewrinkles.Application", "src\Codewrinkles.Application\Codewrinkles.Application.csproj", "{18F0C00A-F055-4F66-BE57-AB0EB408CCA3}"
EndProject
Project("{FAE04EC0-301F-11D3-BF4B-00C04F79EFBC}") = "Codewrinkles.Domain", "src\Codewrinkles.Domain\Codewrinkles.Domain.csproj", "{B39931C7-10D4-4114-AA6D-43C74FE892D5}"
EndProject
Project("{FAE04EC0-301F-11D3-BF4B-00C04F79EFBC}") = "Codewrinkles.Infrastructure", "src\Codewrinkles.Infrastructure\Codewrinkles.Infrastructure.csproj", "{EDB0DBB1-0FD1-409D-879E-0E2E388D195C}"
EndProject
Project("{FAE04EC0-301F-11D3-BF4B-00C04F79EFBC}") = "Codewrinkles.Telemetry", "src\Codewrinkles.Telemetry\Codewrinkles.Telemetry.csproj", "{3947F3B3-6F74-4151-A057-5C9E7BB41C89}"
EndProject
Global
	GlobalSection(SolutionConfigurationPlatforms) = preSolution
		Debug|Any CPU = Debug|Any CPU
		Debug|x64 = Debug|x64
		Debug|x86 = Debug|x86
		Release|Any CPU = Release|Any CPU
		Release|x64 = Release|x64
		Release|x86 = Release|x86
	EndGlobalSection
	GlobalSection(ProjectConfigurationPlatforms) = postSolution
		{AC76EDBA-C447-48CA-8F94-69E31B92408E}.Debug|Any CPU.ActiveCfg = Debug|Any CPU
		{AC76EDBA-C447-48CA-8F94-69E31B92408E}.Debug|Any CPU.Build.0 = Debug|Any CPU
		{AC76EDBA-C447-48CA-8F94-69E31B92408E}.Debug|x64.ActiveCfg = Debug|Any CPU
		{AC76EDBA-C447-48CA-8F94-69E31B92408E}.Debug|x64.Build.0 = Debug|Any CPU
		{AC76EDBA-C447-48CA-8F94-69E31B92408E}.Debug|x86.ActiveCfg = Debug|Any CPU
		{AC76EDBA-C447-48CA-8F94-69E31B92408E}.Debug|x86.Build.0 = Debug|Any CPU
		{AC76EDBA-C447-48CA-8F94-69E31B92408E}.Release|Any CPU.ActiveCfg = Release|Any CPU
		{AC76EDBA-C447-48CA-8F94-69E31B92408E}.Release|Any CPU.Build.0 = Release|Any CPU
		{AC76EDBA-C447-48CA-8F94-69E31B92408E}.Release|x64.ActiveCfg = Release|Any CPU
		{AC76EDBA-C447-48CA-8F94-69E31B92408E}.Release|x64.Build.0 = Release|Any CPU
		{AC76EDBA-C447-48CA-8F94-69E31B92408E}.Release|x86.ActiveCfg = Release|Any CPU
		{AC76EDBA-C447-48CA-8F94-69E31B92408E}.Release|x86.Build.0 = Release|Any CPU
		{18F0C00A-F055-4F66-BE57-AB0EB408CCA3}.Debug|Any CPU.ActiveCfg = Debug|Any CPU
		{18F0C00A-F055-4F66-BE57-AB0EB408CCA3}.Debug|Any CPU.Build.0 = Debug|Any CPU
		{18F0C00A-F055-4F66-BE57-AB0EB408CCA3}.Debug|x64.ActiveCfg = Debug|Any CPU
		{18F0C00A-F055-4F66-BE57-AB0EB408CCA3}.Debug|x64.Build.0 = Debug|Any CPU
		{18F0C00A-F055-4F66-BE57-AB0EB408CCA3}.Debug|x86.ActiveCfg = Debug|Any CPU
		{18F0C00A-F055-4F66-BE57-AB0EB408CCA3}.Debug|x86.Build.0 = Debug|Any CPU
		{18F0C00A-F055-4F66-BE57-AB0EB408CCA3}.Release|Any CPU.ActiveCfg = Release|Any CPU
		{18F0C00A-F055-4F66-BE57-AB0EB408CCA3}.Release|Any CPU.Build.0 = Release|Any CPU
		{18F0C00A-F055-4F66-BE57-AB0EB408CCA3}.Release|x64.ActiveCfg = Release|Any CPU
		{18F0C00A-F055-4F66-BE57-AB0EB408CCA3}.Release|x64.Build.0 = Release|Any CPU
		{18F0C00A-F055-4F66-BE57-AB0EB408CCA3}.Release|x86.ActiveCfg = Release|Any CPU
		{18F0C00A-F055-4F66-BE57-AB0EB408CCA3}.Release|x86.Build.0 = Release|Any CPU
		{B39931C7-10D4-4114-AA6D-43C74FE892D5}.Debug|Any CPU.ActiveCfg = Debug|Any CPU
		{B39931C7-10D4-4114-AA6D-43C74FE892D5}.Debug|Any CPU.Build.0 = Debug|Any CPU
		{B39931C7-10D4-4114-AA6D-43C74FE892D5}.Debug|x64.ActiveCfg = Debug|Any CPU
		{B39931C7-10D4-4114-AA6D-43C74FE892D5}.Debug|x64.Build.0 = Debug|Any CPU
		{B39931C7-10D4-4114-AA6D-43C74FE892D5}.Debug|x86.ActiveCfg = Debug|Any CPU
		{B39931C7-10D4-4114-AA6D-43C74FE892D5}.Debug|x86.Build.0 = Debug|Any CPU
		{B39931C7-10D4-4114-AA6D-43C74FE892D5}.Release|Any CPU.ActiveCfg = Release|Any CPU
		{B39931C7-10D4-4114-AA6D-43C74FE892D5}.Release|Any CPU.Build.0 = Release|Any CPU
		{B39931C7-10D4-4114-AA6D-43C74FE892D5}.Release|x64.ActiveCfg = Release|Any CPU
		{B39931C7-10D4-4114-AA6D-43C74FE892D5}.Release|x64.Build.0 = Release|Any CPU
		{B39931C7-10D4-4114-AA6D-43C74FE892D5}.Release|x86.ActiveCfg = Release|Any CPU
		{B39931C7-10D4-4114-AA6D-43C74FE892D5}.Release|x86.Build.0 = Release|Any CPU
		{EDB0DBB1-0FD1-409D-879E-0E2E388D195C}.Debug|Any CPU.ActiveCfg = Debug|Any CPU
		{EDB0DBB1-0FD1-409D-879E-0E2E388D195C}.Debug|Any CPU.Build.0 = Debug|Any CPU
		{EDB0DBB1-0FD1-409D-879E-0E2E388D195C}.Debug|x64.ActiveCfg = Debug|Any CPU
		{EDB0DBB1-0FD1-409D-879E-0E2E388D195C}.Debug|x64.Build.0 = Debug|Any CPU
		{EDB0DBB1-0FD1-409D-879E-0E2E388D195C}.Debug|x86.ActiveCfg = Debug|Any CPU
		{EDB0DBB1-0FD1-409D-879E-0E2E388D195C}.Debug|x86.Build.0 = Debug|Any CPU
		{EDB0DBB1-0FD1-409D-879E-0E2E388D195C}.Release|Any CPU.ActiveCfg = Release|Any CPU
		{EDB0DBB1-0FD1-409D-879E-0E2E388D195C}.Release|Any CPU.Build.0 = Release|Any CPU
		{EDB0DBB1-0FD1-409D-879E-0E2E388D195C}.Release|x64.ActiveCfg = Release|Any CPU
		{EDB0DBB1-0FD1-409D-879E-0E2E388D195C}.Release|x64.Build.0 = Release|Any CPU
		{EDB0DBB1-0FD1-409D-879E-0E2E388D195C}.Release|x86.ActiveCfg = Release|Any CPU
		{EDB0DBB1-0FD1-409D-879E-0E2E388D195C}.Release|x86.Build.0 = Release|Any CPU
		{3947F3B3-6F74-4151-A057-5C9E7BB41C89}.Debug|Any CPU.ActiveCfg = Debug|Any CPU
		{3947F3B3-6F74-4151-A057-5C9E7BB41C89}.Debug|Any CPU.Build.0 = Debug|Any CPU
		{3947F3B3-6F74-4151-A057-5C9E7BB41C89}.Debug|x64.ActiveCfg = Debug|Any CPU
		{3947F3B3-6F74-4151-A057-5C9E7BB41C89}.Debug|x64.Build.0 = Debug|Any CPU
		{3947F3B3-6F74-4151-A057-5C9E7BB41C89}.Debug|x86.ActiveCfg = Debug|Any CPU
		{3947F3B3-6F74-4151-A057-5C9E7BB41C89}.Debug|x86.Build.0 = Debug|Any CPU
		{3947F3B3-6F74-4151-A057-5C9E7BB41C89}.Release|Any CPU.ActiveCfg = Release|Any CPU
		{3947F3B3-6F74-4151-A057-5C9E7BB41C89}.Release|Any CPU.Build.0 = Release|Any CPU
		{3947F3B3-6F74-4151-A057-5C9E7BB41C89}.Release|x64.ActiveCfg = Release|Any CPU
		{3947F3B3-6F74-4151-A057-5C9E7BB41C89}.Release|x64.Build.0 = Release|Any CPU
		{3947F3B3-6F74-4151-A057-5C9E7BB41C89}.Release|x86.ActiveCfg = Release|Any CPU
		{3947F3B3-6F74-4151-A057-5C9E7BB41C89}.Release|x86.Build.0 = Release|Any CPU
	EndGlobalSection
	GlobalSection(SolutionProperties) = preSolution
		HideSolutionNode = FALSE
	EndGlobalSection
	GlobalSection(NestedProjects) = preSolution
		{AC76EDBA-C447-48CA-8F94-69E31B92408E} = {827E0CD3-B72D-47B6-A68D-7590B98EB39B}
		{18F0C00A-F055-4F66-BE57-AB0EB408CCA3} = {827E0CD3-B72D-47B6-A68D-7590B98EB39B}
		{B39931C7-10D4-4114-AA6D-43C74FE892D5} = {827E0CD3-B72D-47B6-A68D-7590B98EB39B}
		{EDB0DBB1-0FD1-409D-879E-0E2E388D195C} = {827E0CD3-B72D-47B6-A68D-7590B98EB39B}
		{3947F3B3-6F74-4151-A057-5C9E7BB41C89} = {827E0CD3-B72D-47B6-A68D-7590B98EB39B}
	EndGlobalSection
EndGlobal
